// !$*UTF8*$!
{
	archiveVersion = 1;
	classes = {
	};
	objectVersion = 46;
	objects = {

/* Begin PBXBuildFile section */
		BF54B6E11ECE7C3500F3FC01 /* AppDelegate.swift in Sources */ = {isa = PBXBuildFile; fileRef = BF54B6E01ECE7C3500F3FC01 /* AppDelegate.swift */; };
		BF54B6E31ECE7C3500F3FC01 /* ViewController.swift in Sources */ = {isa = PBXBuildFile; fileRef = BF54B6E21ECE7C3500F3FC01 /* ViewController.swift */; };
		BF54B6E61ECE7C3500F3FC01 /* Main.storyboard in Resources */ = {isa = PBXBuildFile; fileRef = BF54B6E41ECE7C3500F3FC01 /* Main.storyboard */; };
		BF54B6E81ECE7C3500F3FC01 /* Assets.xcassets in Resources */ = {isa = PBXBuildFile; fileRef = BF54B6E71ECE7C3500F3FC01 /* Assets.xcassets */; };
		BF54B6EB1ECE7C3500F3FC01 /* LaunchScreen.storyboard in Resources */ = {isa = PBXBuildFile; fileRef = BF54B6E91ECE7C3500F3FC01 /* LaunchScreen.storyboard */; };
		BF54B6F61ECE7C3600F3FC01 /* Recipe1Tests.swift in Sources */ = {isa = PBXBuildFile; fileRef = BF54B6F51ECE7C3600F3FC01 /* Recipe1Tests.swift */; };
		BF54B7011ECE7C3600F3FC01 /* Recipe1UITests.swift in Sources */ = {isa = PBXBuildFile; fileRef = BF54B7001ECE7C3600F3FC01 /* Recipe1UITests.swift */; };
		BFC8283D1ED14648009F1462 /* AddViewController.swift in Sources */ = {isa = PBXBuildFile; fileRef = BFC8283C1ED14648009F1462 /* AddViewController.swift */; };
		BFC8283F1ED14711009F1462 /* DetailViewController.swift in Sources */ = {isa = PBXBuildFile; fileRef = BFC8283E1ED14711009F1462 /* DetailViewController.swift */; };
/* End PBXBuildFile section */

/* Begin PBXContainerItemProxy section */
		BF54B6F21ECE7C3600F3FC01 /* PBXContainerItemProxy */ = {
			isa = PBXContainerItemProxy;
			containerPortal = BF54B6D51ECE7C3500F3FC01 /* Project object */;
			proxyType = 1;
			remoteGlobalIDString = BF54B6DC1ECE7C3500F3FC01;
			remoteInfo = Recipe1;
		};
		BF54B6FD1ECE7C3600F3FC01 /* PBXContainerItemProxy */ = {
			isa = PBXContainerItemProxy;
			containerPortal = BF54B6D51ECE7C3500F3FC01 /* Project object */;
			proxyType = 1;
			remoteGlobalIDString = BF54B6DC1ECE7C3500F3FC01;
			remoteInfo = Recipe1;
		};
/* End PBXContainerItemProxy section */

/* Begin PBXFileReference section */
		BF54B6DD1ECE7C3500F3FC01 /* Recipe1.app */ = {isa = PBXFileReference; explicitFileType = wrapper.application; includeInIndex = 0; path = Recipe1.app; sourceTree = BUILT_PRODUCTS_DIR; };
		BF54B6E01ECE7C3500F3FC01 /* AppDelegate.swift */ = {isa = PBXFileReference; lastKnownFileType = sourcecode.swift; path = AppDelegate.swift; sourceTree = "<group>"; };
		BF54B6E21ECE7C3500F3FC01 /* ViewController.swift */ = {isa = PBXFileReference; lastKnownFileType = sourcecode.swift; path = ViewController.swift; sourceTree = "<group>"; };
		BF54B6E51ECE7C3500F3FC01 /* Base */ = {isa = PBXFileReference; lastKnownFileType = file.storyboard; name = Base; path = Base.lproj/Main.storyboard; sourceTree = "<group>"; };
		BF54B6E71ECE7C3500F3FC01 /* Assets.xcassets */ = {isa = PBXFileReference; lastKnownFileType = folder.assetcatalog; path = Assets.xcassets; sourceTree = "<group>"; };
		BF54B6EA1ECE7C3500F3FC01 /* Base */ = {isa = PBXFileReference; lastKnownFileType = file.storyboard; name = Base; path = Base.lproj/LaunchScreen.storyboard; sourceTree = "<group>"; };
		BF54B6EC1ECE7C3500F3FC01 /* Info.plist */ = {isa = PBXFileReference; lastKnownFileType = text.plist.xml; path = Info.plist; sourceTree = "<group>"; };
		BF54B6F11ECE7C3600F3FC01 /* Recipe1Tests.xctest */ = {isa = PBXFileReference; explicitFileType = wrapper.cfbundle; includeInIndex = 0; path = Recipe1Tests.xctest; sourceTree = BUILT_PRODUCTS_DIR; };
		BF54B6F51ECE7C3600F3FC01 /* Recipe1Tests.swift */ = {isa = PBXFileReference; lastKnownFileType = sourcecode.swift; path = Recipe1Tests.swift; sourceTree = "<group>"; };
		BF54B6F71ECE7C3600F3FC01 /* Info.plist */ = {isa = PBXFileReference; lastKnownFileType = text.plist.xml; path = Info.plist; sourceTree = "<group>"; };
		BF54B6FC1ECE7C3600F3FC01 /* Recipe1UITests.xctest */ = {isa = PBXFileReference; explicitFileType = wrapper.cfbundle; includeInIndex = 0; path = Recipe1UITests.xctest; sourceTree = BUILT_PRODUCTS_DIR; };
		BF54B7001ECE7C3600F3FC01 /* Recipe1UITests.swift */ = {isa = PBXFileReference; lastKnownFileType = sourcecode.swift; path = Recipe1UITests.swift; sourceTree = "<group>"; };
		BF54B7021ECE7C3600F3FC01 /* Info.plist */ = {isa = PBXFileReference; lastKnownFileType = text.plist.xml; path = Info.plist; sourceTree = "<group>"; };
		BFC8283C1ED14648009F1462 /* AddViewController.swift */ = {isa = PBXFileReference; fileEncoding = 4; lastKnownFileType = sourcecode.swift; path = AddViewController.swift; sourceTree = "<group>"; };
		BFC8283E1ED14711009F1462 /* DetailViewController.swift */ = {isa = PBXFileReference; fileEncoding = 4; lastKnownFileType = sourcecode.swift; path = DetailViewController.swift; sourceTree = "<group>"; };
/* End PBXFileReference section */

/* Begin PBXFrameworksBuildPhase section */
		BF54B6DA1ECE7C3500F3FC01 /* Frameworks */ = {
			isa = PBXFrameworksBuildPhase;
			buildActionMask = 2147483647;
			files = (
			);
			runOnlyForDeploymentPostprocessing = 0;
		};
		BF54B6EE1ECE7C3600F3FC01 /* Frameworks */ = {
			isa = PBXFrameworksBuildPhase;
			buildActionMask = 2147483647;
			files = (
			);
			runOnlyForDeploymentPostprocessing = 0;
		};
		BF54B6F91ECE7C3600F3FC01 /* Frameworks */ = {
			isa = PBXFrameworksBuildPhase;
			buildActionMask = 2147483647;
			files = (
			);
			runOnlyForDeploymentPostprocessing = 0;
		};
/* End PBXFrameworksBuildPhase section */

/* Begin PBXGroup section */
		BF54B6D41ECE7C3500F3FC01 = {
			isa = PBXGroup;
			children = (
				BF54B6DF1ECE7C3500F3FC01 /* Recipe1 */,
				BF54B6F41ECE7C3600F3FC01 /* Recipe1Tests */,
				BF54B6FF1ECE7C3600F3FC01 /* Recipe1UITests */,
				BF54B6DE1ECE7C3500F3FC01 /* Products */,
			);
			sourceTree = "<group>";
		};
		BF54B6DE1ECE7C3500F3FC01 /* Products */ = {
			isa = PBXGroup;
			children = (
				BF54B6DD1ECE7C3500F3FC01 /* Recipe1.app */,
				BF54B6F11ECE7C3600F3FC01 /* Recipe1Tests.xctest */,
				BF54B6FC1ECE7C3600F3FC01 /* Recipe1UITests.xctest */,
			);
			name = Products;
			sourceTree = "<group>";
		};
		BF54B6DF1ECE7C3500F3FC01 /* Recipe1 */ = {
			isa = PBXGroup;
			children = (
				BF54B6E01ECE7C3500F3FC01 /* AppDelegate.swift */,
				BF54B6E21ECE7C3500F3FC01 /* ViewController.swift */,
				BFC8283C1ED14648009F1462 /* AddViewController.swift */,
				BFC8283E1ED14711009F1462 /* DetailViewController.swift */,
				BF54B6E41ECE7C3500F3FC01 /* Main.storyboard */,
				BF54B6E71ECE7C3500F3FC01 /* Assets.xcassets */,
				BF54B6E91ECE7C3500F3FC01 /* LaunchScreen.storyboard */,
				BF54B6EC1ECE7C3500F3FC01 /* Info.plist */,
			);
			path = Recipe1;
			sourceTree = "<group>";
		};
		BF54B6F41ECE7C3600F3FC01 /* Recipe1Tests */ = {
			isa = PBXGroup;
			children = (
				BF54B6F51ECE7C3600F3FC01 /* Recipe1Tests.swift */,
				BF54B6F71ECE7C3600F3FC01 /* Info.plist */,
			);
			path = Recipe1Tests;
			sourceTree = "<group>";
		};
		BF54B6FF1ECE7C3600F3FC01 /* Recipe1UITests */ = {
			isa = PBXGroup;
			children = (
				BF54B7001ECE7C3600F3FC01 /* Recipe1UITests.swift */,
				BF54B7021ECE7C3600F3FC01 /* Info.plist */,
			);
			path = Recipe1UITests;
			sourceTree = "<group>";
		};
/* End PBXGroup section */

/* Begin PBXNativeTarget section */
		BF54B6DC1ECE7C3500F3FC01 /* Recipe1 */ = {
			isa = PBXNativeTarget;
			buildConfigurationList = BF54B7051ECE7C3600F3FC01 /* Build configuration list for PBXNativeTarget "Recipe1" */;
			buildPhases = (
				BF54B6D91ECE7C3500F3FC01 /* Sources */,
				BF54B6DA1ECE7C3500F3FC01 /* Frameworks */,
				BF54B6DB1ECE7C3500F3FC01 /* Resources */,
			);
			buildRules = (
			);
			dependencies = (
			);
			name = Recipe1;
			productName = Recipe1;
			productReference = BF54B6DD1ECE7C3500F3FC01 /* Recipe1.app */;
			productType = "com.apple.product-type.application";
		};
		BF54B6F01ECE7C3600F3FC01 /* Recipe1Tests */ = {
			isa = PBXNativeTarget;
			buildConfigurationList = BF54B7081ECE7C3600F3FC01 /* Build configuration list for PBXNativeTarget "Recipe1Tests" */;
			buildPhases = (
				BF54B6ED1ECE7C3600F3FC01 /* Sources */,
				BF54B6EE1ECE7C3600F3FC01 /* Frameworks */,
				BF54B6EF1ECE7C3600F3FC01 /* Resources */,
			);
			buildRules = (
			);
			dependencies = (
				BF54B6F31ECE7C3600F3FC01 /* PBXTargetDependency */,
			);
			name = Recipe1Tests;
			productName = Recipe1Tests;
			productReference = BF54B6F11ECE7C3600F3FC01 /* Recipe1Tests.xctest */;
			productType = "com.apple.product-type.bundle.unit-test";
		};
		BF54B6FB1ECE7C3600F3FC01 /* Recipe1UITests */ = {
			isa = PBXNativeTarget;
			buildConfigurationList = BF54B70B1ECE7C3600F3FC01 /* Build configuration list for PBXNativeTarget "Recipe1UITests" */;
			buildPhases = (
				BF54B6F81ECE7C3600F3FC01 /* Sources */,
				BF54B6F91ECE7C3600F3FC01 /* Frameworks */,
				BF54B6FA1ECE7C3600F3FC01 /* Resources */,
			);
			buildRules = (
			);
			dependencies = (
				BF54B6FE1ECE7C3600F3FC01 /* PBXTargetDependency */,
			);
			name = Recipe1UITests;
			productName = Recipe1UITests;
			productReference = BF54B6FC1ECE7C3600F3FC01 /* Recipe1UITests.xctest */;
			productType = "com.apple.product-type.bundle.ui-testing";
		};
/* End PBXNativeTarget section */

/* Begin PBXProject section */
		BF54B6D51ECE7C3500F3FC01 /* Project object */ = {
			isa = PBXProject;
			attributes = {
				LastSwiftUpdateCheck = 0830;
				LastUpgradeCheck = 0830;
				ORGANIZATIONNAME = "Mark Infantino";
				TargetAttributes = {
					BF54B6DC1ECE7C3500F3FC01 = {
						CreatedOnToolsVersion = 8.3.2;
						DevelopmentTeam = F29CGF2988;
						ProvisioningStyle = Automatic;
					};
					BF54B6F01ECE7C3600F3FC01 = {
						CreatedOnToolsVersion = 8.3.2;
						ProvisioningStyle = Automatic;
						TestTargetID = BF54B6DC1ECE7C3500F3FC01;
					};
					BF54B6FB1ECE7C3600F3FC01 = {
						CreatedOnToolsVersion = 8.3.2;
						ProvisioningStyle = Automatic;
						TestTargetID = BF54B6DC1ECE7C3500F3FC01;
					};
				};
			};
			buildConfigurationList = BF54B6D81ECE7C3500F3FC01 /* Build configuration list for PBXProject "Recipe1" */;
			compatibilityVersion = "Xcode 3.2";
			developmentRegion = English;
			hasScannedForEncodings = 0;
			knownRegions = (
				en,
				Base,
			);
			mainGroup = BF54B6D41ECE7C3500F3FC01;
			productRefGroup = BF54B6DE1ECE7C3500F3FC01 /* Products */;
			projectDirPath = "";
			projectRoot = "";
			targets = (
				BF54B6DC1ECE7C3500F3FC01 /* Recipe1 */,
				BF54B6F01ECE7C3600F3FC01 /* Recipe1Tests */,
				BF54B6FB1ECE7C3600F3FC01 /* Recipe1UITests */,
			);
		};
/* End PBXProject section */

/* Begin PBXResourcesBuildPhase section */
		BF54B6DB1ECE7C3500F3FC01 /* Resources */ = {
			isa = PBXResourcesBuildPhase;
			buildActionMask = 2147483647;
			files = (
				BF54B6EB1ECE7C3500F3FC01 /* LaunchScreen.storyboard in Resources */,
				BF54B6E81ECE7C3500F3FC01 /* Assets.xcassets in Resources */,
				BF54B6E61ECE7C3500F3FC01 /* Main.storyboard in Resources */,
			);
			runOnlyForDeploymentPostprocessing = 0;
		};
		BF54B6EF1ECE7C3600F3FC01 /* Resources */ = {
			isa = PBXResourcesBuildPhase;
			buildActionMask = 2147483647;
			files = (
			);
			runOnlyForDeploymentPostprocessing = 0;
		};
		BF54B6FA1ECE7C3600F3FC01 /* Resources */ = {
			isa = PBXResourcesBuildPhase;
			buildActionMask = 2147483647;
			files = (
			);
			runOnlyForDeploymentPostprocessing = 0;
		};
/* End PBXResourcesBuildPhase section */

/* Begin PBXSourcesBuildPhase section */
		BF54B6D91ECE7C3500F3FC01 /* Sources */ = {
			isa = PBXSourcesBuildPhase;
			buildActionMask = 2147483647;
			files = (
				BF54B6E31ECE7C3500F3FC01 /* ViewController.swift in Sources */,
				BF54B6E11ECE7C3500F3FC01 /* AppDelegate.swift in Sources */,
				BFC8283D1ED14648009F1462 /* AddViewController.swift in Sources */,
				BFC8283F1ED14711009F1462 /* DetailViewController.swift in Sources */,
			);
			runOnlyForDeploymentPostprocessing = 0;
		};
		BF54B6ED1ECE7C3600F3FC01 /* Sources */ = {
			isa = PBXSourcesBuildPhase;
			buildActionMask = 2147483647;
			files = (
				BF54B6F61ECE7C3600F3FC01 /* Recipe1Tests.swift in Sources */,
			);
			runOnlyForDeploymentPostprocessing = 0;
		};
		BF54B6F81ECE7C3600F3FC01 /* Sources */ = {
			isa = PBXSourcesBuildPhase;
			buildActionMask = 2147483647;
			files = (
				BF54B7011ECE7C3600F3FC01 /* Recipe1UITests.swift in Sources */,
			);
			runOnlyForDeploymentPostprocessing = 0;
		};
/* End PBXSourcesBuildPhase section */

/* Begin PBXTargetDependency section */
		BF54B6F31ECE7C3600F3FC01 /* PBXTargetDependency */ = {
			isa = PBXTargetDependency;
			target = BF54B6DC1ECE7C3500F3FC01 /* Recipe1 */;
			targetProxy = BF54B6F21ECE7C3600F3FC01 /* PBXContainerItemProxy */;
		};
		BF54B6FE1ECE7C3600F3FC01 /* PBXTargetDependency */ = {
			isa = PBXTargetDependency;
			target = BF54B6DC1ECE7C3500F3FC01 /* Recipe1 */;
			targetProxy = BF54B6FD1ECE7C3600F3FC01 /* PBXContainerItemProxy */;
		};
/* End PBXTargetDependency section */

/* Begin PBXVariantGroup section */
		BF54B6E41ECE7C3500F3FC01 /* Main.storyboard */ = {
			isa = PBXVariantGroup;
			children = (
				BF54B6E51ECE7C3500F3FC01 /* Base */,
			);
			name = Main.storyboard;
			sourceTree = "<group>";
		};
		BF54B6E91ECE7C3500F3FC01 /* LaunchScreen.storyboard */ = {
			isa = PBXVariantGroup;
			children = (
				BF54B6EA1ECE7C3500F3FC01 /* Base */,
			);
			name = LaunchScreen.storyboard;
			sourceTree = "<group>";
		};
/* End PBXVariantGroup section */

/* Begin XCBuildConfiguration section */
		BF54B7031ECE7C3600F3FC01 /* Debug */ = {
			isa = XCBuildConfiguration;
			buildSettings = {
				ALWAYS_SEARCH_USER_PATHS = NO;
				CLANG_ANALYZER_NONNULL = YES;
				CLANG_ANALYZER_NUMBER_OBJECT_CONVERSION = YES_AGGRESSIVE;
				CLANG_CXX_LANGUAGE_STANDARD = "gnu++0x";
				CLANG_CXX_LIBRARY = "libc++";
				CLANG_ENABLE_MODULES = YES;
				CLANG_ENABLE_OBJC_ARC = YES;
				CLANG_WARN_BOOL_CONVERSION = YES;
				CLANG_WARN_CONSTANT_CONVERSION = YES;
				CLANG_WARN_DIRECT_OBJC_ISA_USAGE = YES_ERROR;
				CLANG_WARN_DOCUMENTATION_COMMENTS = YES;
				CLANG_WARN_EMPTY_BODY = YES;
				CLANG_WARN_ENUM_CONVERSION = YES;
				CLANG_WARN_INFINITE_RECURSION = YES;
				CLANG_WARN_INT_CONVERSION = YES;
				CLANG_WARN_OBJC_ROOT_CLASS = YES_ERROR;
				CLANG_WARN_SUSPICIOUS_MOVE = YES;
				CLANG_WARN_UNREACHABLE_CODE = YES;
				CLANG_WARN__DUPLICATE_METHOD_MATCH = YES;
				"CODE_SIGN_IDENTITY[sdk=iphoneos*]" = "iPhone Developer";
				COPY_PHASE_STRIP = NO;
				DEBUG_INFORMATION_FORMAT = dwarf;
				ENABLE_STRICT_OBJC_MSGSEND = YES;
				ENABLE_TESTABILITY = YES;
				GCC_C_LANGUAGE_STANDARD = gnu99;
				GCC_DYNAMIC_NO_PIC = NO;
				GCC_NO_COMMON_BLOCKS = YES;
				GCC_OPTIMIZATION_LEVEL = 0;
				GCC_PREPROCESSOR_DEFINITIONS = (
					"DEBUG=1",
					"$(inherited)",
				);
				GCC_WARN_64_TO_32_BIT_CONVERSION = YES;
				GCC_WARN_ABOUT_RETURN_TYPE = YES_ERROR;
				GCC_WARN_UNDECLARED_SELECTOR = YES;
				GCC_WARN_UNINITIALIZED_AUTOS = YES_AGGRESSIVE;
				GCC_WARN_UNUSED_FUNCTION = YES;
				GCC_WARN_UNUSED_VARIABLE = YES;
				IPHONEOS_DEPLOYMENT_TARGET = 10.3;
				MTL_ENABLE_DEBUG_INFO = YES;
				ONLY_ACTIVE_ARCH = YES;
				SDKROOT = iphoneos;
				SWIFT_ACTIVE_COMPILATION_CONDITIONS = DEBUG;
				SWIFT_OPTIMIZATION_LEVEL = "-Onone";
			};
			name = Debug;
		};
		BF54B7041ECE7C3600F3FC01 /* Release */ = {
			isa = XCBuildConfiguration;
			buildSettings = {
				ALWAYS_SEARCH_USER_PATHS = NO;
				CLANG_ANALYZER_NONNULL = YES;
				CLANG_ANALYZER_NUMBER_OBJECT_CONVERSION = YES_AGGRESSIVE;
				CLANG_CXX_LANGUAGE_STANDARD = "gnu++0x";
				CLANG_CXX_LIBRARY = "libc++";
				CLANG_ENABLE_MODULES = YES;
				CLANG_ENABLE_OBJC_ARC = YES;
				CLANG_WARN_BOOL_CONVERSION = YES;
				CLANG_WARN_CONSTANT_CONVERSION = YES;
				CLANG_WARN_DIRECT_OBJC_ISA_USAGE = YES_ERROR;
				CLANG_WARN_DOCUMENTATION_COMMENTS = YES;
				CLANG_WARN_EMPTY_BODY = YES;
				CLANG_WARN_ENUM_CONVERSION = YES;
				CLANG_WARN_INFINITE_RECURSION = YES;
				CLANG_WARN_INT_CONVERSION = YES;
				CLANG_WARN_OBJC_ROOT_CLASS = YES_ERROR;
				CLANG_WARN_SUSPICIOUS_MOVE = YES;
				CLANG_WARN_UNREACHABLE_CODE = YES;
				CLANG_WARN__DUPLICATE_METHOD_MATCH = YES;
				"CODE_SIGN_IDENTITY[sdk=iphoneos*]" = "iPhone Developer";
				COPY_PHASE_STRIP = NO;
				DEBUG_INFORMATION_FORMAT = "dwarf-with-dsym";
				ENABLE_NS_ASSERTIONS = NO;
				ENABLE_STRICT_OBJC_MSGSEND = YES;
				GCC_C_LANGUAGE_STANDARD = gnu99;
				GCC_NO_COMMON_BLOCKS = YES;
				GCC_WARN_64_TO_32_BIT_CONVERSION = YES;
				GCC_WARN_ABOUT_RETURN_TYPE = YES_ERROR;
				GCC_WARN_UNDECLARED_SELECTOR = YES;
				GCC_WARN_UNINITIALIZED_AUTOS = YES_AGGRESSIVE;
				GCC_WARN_UNUSED_FUNCTION = YES;
				GCC_WARN_UNUSED_VARIABLE = YES;
				IPHONEOS_DEPLOYMENT_TARGET = 10.3;
				MTL_ENABLE_DEBUG_INFO = NO;
				SDKROOT = iphoneos;
				SWIFT_OPTIMIZATION_LEVEL = "-Owholemodule";
				VALIDATE_PRODUCT = YES;
			};
			name = Release;
		};
		BF54B7061ECE7C3600F3FC01 /* Debug */ = {
			isa = XCBuildConfiguration;
			buildSettings = {
				ASSETCATALOG_COMPILER_APPICON_NAME = AppIcon;
				DEVELOPMENT_TEAM = F29CGF2988;
				INFOPLIST_FILE = Recipe1/Info.plist;
				LD_RUNPATH_SEARCH_PATHS = "$(inherited) @executable_path/Frameworks";
				PRODUCT_BUNDLE_IDENTIFIER = infantino.org.Recipe1;
				PRODUCT_NAME = "$(TARGET_NAME)";
				SWIFT_VERSION = 3.0;
			};
			name = Debug;
		};
		BF54B7071ECE7C3600F3FC01 /* Release */ = {
			isa = XCBuildConfiguration;
			buildSettings = {
				ASSETCATALOG_COMPILER_APPICON_NAME = AppIcon;
				DEVELOPMENT_TEAM = F29CGF2988;
				INFOPLIST_FILE = Recipe1/Info.plist;
				LD_RUNPATH_SEARCH_PATHS = "$(inherited) @executable_path/Frameworks";
				PRODUCT_BUNDLE_IDENTIFIER = infantino.org.Recipe1;
				PRODUCT_NAME = "$(TARGET_NAME)";
				SWIFT_VERSION = 3.0;
			};
			name = Release;
		};
		BF54B7091ECE7C3600F3FC01 /* Debug */ = {
			isa = XCBuildConfiguration;
			buildSettings = {
				ALWAYS_EMBED_SWIFT_STANDARD_LIBRARIES = YES;
				BUNDLE_LOADER = "$(TEST_HOST)";
				INFOPLIST_FILE = Recipe1Tests/Info.plist;
				LD_RUNPATH_SEARCH_PATHS = "$(inherited) @executable_path/Frameworks @loader_path/Frameworks";
				PRODUCT_BUNDLE_IDENTIFIER = bbs.Recipe1Tests;
				PRODUCT_NAME = "$(TARGET_NAME)";
				SWIFT_VERSION = 3.0;
				TEST_HOST = "$(BUILT_PRODUCTS_DIR)/Recipe1.app/Recipe1";
			};
			name = Debug;
		};
		BF54B70A1ECE7C3600F3FC01 /* Release */ = {
			isa = XCBuildConfiguration;
			buildSettings = {
				ALWAYS_EMBED_SWIFT_STANDARD_LIBRARIES = YES;
				BUNDLE_LOADER = "$(TEST_HOST)";
				INFOPLIST_FILE = Recipe1Tests/Info.plist;
				LD_RUNPATH_SEARCH_PATHS = "$(inherited) @executable_path/Frameworks @loader_path/Frameworks";
				PRODUCT_BUNDLE_IDENTIFIER = bbs.Recipe1Tests;
				PRODUCT_NAME = "$(TARGET_NAME)";
				SWIFT_VERSION = 3.0;
				TEST_HOST = "$(BUILT_PRODUCTS_DIR)/Recipe1.app/Recipe1";
			};
			name = Release;
		};
		BF54B70C1ECE7C3600F3FC01 /* Debug */ = {
			isa = XCBuildConfiguration;
			buildSettings = {
				ALWAYS_EMBED_SWIFT_STANDARD_LIBRARIES = YES;
				INFOPLIST_FILE = Recipe1UITests/Info.plist;
				LD_RUNPATH_SEARCH_PATHS = "$(inherited) @executable_path/Frameworks @loader_path/Frameworks";
				PRODUCT_BUNDLE_IDENTIFIER = bbs.Recipe1UITests;
				PRODUCT_NAME = "$(TARGET_NAME)";
				SWIFT_VERSION = 3.0;
				TEST_TARGET_NAME = Recipe1;
			};
			name = Debug;
		};
		BF54B70D1ECE7C3600F3FC01 /* Release */ = {
			isa = XCBuildConfiguration;
			buildSettings = {
				ALWAYS_EMBED_SWIFT_STANDARD_LIBRARIES = YES;
				INFOPLIST_FILE = Recipe1UITests/Info.plist;
				LD_RUNPATH_SEARCH_PATHS = "$(inherited) @executable_path/Frameworks @loader_path/Frameworks";
				PRODUCT_BUNDLE_IDENTIFIER = bbs.Recipe1UITests;
				PRODUCT_NAME = "$(TARGET_NAME)";
				SWIFT_VERSION = 3.0;
				TEST_TARGET_NAME = Recipe1;
			};
			name = Release;
		};
/* End XCBuildConfiguration section */

/* Begin XCConfigurationList section */
		BF54B6D81ECE7C3500F3FC01 /* Build configuration list for PBXProject "Recipe1" */ = {
			isa = XCConfigurationList;
			buildConfigurations = (
				BF54B7031ECE7C3600F3FC01 /* Debug */,
				BF54B7041ECE7C3600F3FC01 /* Release */,
			);
			defaultConfigurationIsVisible = 0;
			defaultConfigurationName = Release;
		};
		BF54B7051ECE7C3600F3FC01 /* Build configuration list for PBXNativeTarget "Recipe1" */ = {
			isa = XCConfigurationList;
			buildConfigurations = (
				BF54B7061ECE7C3600F3FC01 /* Debug */,
				BF54B7071ECE7C3600F3FC01 /* Release */,
			);
			defaultConfigurationIsVisible = 0;
			defaultConfigurationName = Release;
		};
		BF54B7081ECE7C3600F3FC01 /* Build configuration list for PBXNativeTarget "Recipe1Tests" */ = {
			isa = XCConfigurationList;
			buildConfigurations = (
				BF54B7091ECE7C3600F3FC01 /* Debug */,
				BF54B70A1ECE7C3600F3FC01 /* Release */,
			);
			defaultConfigurationIsVisible = 0;
			defaultConfigurationName = Release;
		};
		BF54B70B1ECE7C3600F3FC01 /* Build configuration list for PBXNativeTarget "Recipe1UITests" */ = {
			isa = XCConfigurationList;
			buildConfigurations = (
				BF54B70C1ECE7C3600F3FC01 /* Debug */,
				BF54B70D1ECE7C3600F3FC01 /* Release */,
			);
			defaultConfigurationIsVisible = 0;
			defaultConfigurationName = Release;
		};
/* End XCConfigurationList section */
	};
	rootObject = BF54B6D51ECE7C3500F3FC01 /* Project object */;
}
